github.com/MihajloJankovic/Auth-Service v0.0.0-20231108171815-89f21a1d8b09 h1:6j3s+j9/aK2kFUKFdsnYkwq9+dTRkDzvfhbv2ArJYsc=
github.com/MihajloJankovic/Auth-Service v0.0.0-20231108171815-89f21a1d8b09/go.mod h1:4cHunYd8GdAjh72hXWLWDxiJmDqnZhPaZLwtQRa6SL8=
github.com/MihajloJankovic/accommodation-service v0.0.0-20231109124912-e2618976b7af h1:rdLvw7DRNhhMa3TObHH2xajSvJdteuw8nsOx/qfhIkU=
github.com/MihajloJankovic/accommodation-service v0.0.0-20231109124912-e2618976b7af/go.mod h1:ICEkx1AU3EPGuXQ0zqi1HMcYZ4DYZ2/tIiSHQAfW7Kk=
github.com/MihajloJankovic/profile-service v0.0.0-20231108074029-a6f37a7f3eda h1:l3O2jLVvGoUZxp2GZZjDeyp24cSNQ20RlL3fYdjvTyE=
github.com/MihajloJankovic/profile-service v0.0.0-20231108074029-a6f37a7f3eda/go.mod h1:iFw+fWt+Jko84FyVPpDiD4EUF9ZozT0lnMoTlEyYNfM=
github.com/MihajloJankovic/Auth-Service v0.0.0-20231111104719-45165239e27c h1:sUJmPCafqojB5SozYrL1Gd9bGBbq1/p7GPHSFsc2oFw=
github.com/MihajloJankovic/Auth-Service v0.0.0-20231111104719-45165239e27c/go.mod h1:cvz+PKnFuVg/icLpe/Q8r3MpZ0/Uw+Rggt/lLeTCYgo=
github.com/MihajloJankovic/accommodation-service v0.0.0-20231114150047-f59cf5d1b5c2 h1:WVRq0wIKvDPZOS0d7BVQ5ADG3RQRKgiAd6iwLGzIGlg=
github.com/MihajloJankovic/accommodation-service v0.0.0-20231114150047-f59cf5d1b5c2/go.mod h1:4VbUGgvtmepLoeNbp7nYIrueIJIvrQT83CSd1qrFB4s=
github.com/MihajloJankovic/profile-service v0.0.0-20231111103831-d337fadd3efd h1:DdtLDF0xzLDTYkyKN7X9/taljdU+kmXiekLLsrQuWEI=
github.com/MihajloJankovic/profile-service v0.0.0-20231111103831-d337fadd3efd/go.mod h1:iFw+fWt+Jko84FyVPpDiD4EUF9ZozT0lnMoTlEyYNfM=
github.com/MihajloJankovic/reservation-service v0.0.0-20231114174844-330596009fc6 h1:FisdwGDsRWkHh0fxxBs/z472OK6G5eqmovwdqfBX3lc=
github.com/MihajloJankovic/reservation-service v0.0.0-20231114174844-330596009fc6/go.mod h1:yQyxEWv8Z7+A7AIha3NZbDZXcUQ98G1I+Sz5cMn6ne0=
github.com/golang-jwt/jwt/v5 v5.1.0 h1:UGKbA/IPjtS6zLcdB7i5TyACMgSbOTiR8qzXgw8HWQU=
github.com/golang-jwt/jwt/v5 v5.1.0/go.mod h1:pqrtFR0X4osieyHYxtmOUWsAWrfe1Q5UVIyoH402zdk=
github.com/golang/protobuf v1.5.0/go.mod h1:FsONVRAS9T7sI+LIUmWTfcYkHO4aIWwzhcaSAoJOfIk=
github.com/golang/protobuf v1.5.3 h1:KhyjKVUg7Usr/dYsdSqoFveMYd5ko72D+zANwlG1mmg=
github.com/golang/protobuf v1.5.3/go.mod h1:XVQd3VNwM+JqD3oG2Ue2ip4fOMUkwXdXDdiuN0vRsmY=
github.com/google/go-cmp v0.5.5/go.mod h1:v8dTdLbMG2kIc/vJvl+f65V22dbkXbowE6jgT/gNBxE=
github.com/google/go-cmp v0.5.9 h1:O2Tfq5qg4qc4AmwVlvv0oLiVAGB7enBSJ2x2DqQFi38=
github.com/google/go-cmp v0.5.9/go.mod h1:17dUlkBOakJ0+DkrSSNjCkIjxS6bF9zb3elmeNGIjoY=
github.com/gorilla/mux v1.8.1 h1:TuBL49tXwgrFYWhqrNgrUNEY92u81SPhu7sTdzQEiWY=
github.com/gorilla/mux v1.8.1/go.mod h1:AKf9I4AEqPTmMytcMc0KkNouC66V3BtZ4qD5fmWSiMQ=
golang.org/x/net v0.17.0 h1:pVaXccu2ozPjCXewfr1S7xza/zcXTity9cCdXQYSjIM=
golang.org/x/net v0.17.0/go.mod h1:NxSsAGuq816PNPmqtQdLE42eU2Fs7NoRIZrHJAlaCOE=
golang.org/x/sys v0.13.0 h1:Af8nKPmuFypiUBjVoU9V20FiaFXOcuZI21p0ycVYYGE=
golang.org/x/sys v0.13.0/go.mod h1:oPkhp1MJrh7nUepCBck5+mAzfO9JrbApNNgaTdGDITg=
golang.org/x/text v0.13.0 h1:ablQoSUd0tRdKxZewP80B+BaqeKJuVhuRxj/dkrun3k=
golang.org/x/text v0.13.0/go.mod h1:TvPlkZtksWOMsz7fbANvkp4WM8x/WCo/om8BMLbz+aE=
golang.org/x/xerrors v0.0.0-20191204190536-9bdfabe68543/go.mod h1:I/5z698sn9Ka8TeJc9MKroUUfqBBauWjQqLJ2OPfmY0=
google.golang.org/genproto/googleapis/rpc v0.0.0-20230822172742-b8732ec3820d h1:uvYuEyMHKNt+lT4K3bN6fGswmK8qSvcreM3BwjDh+y4=
google.golang.org/genproto/googleapis/rpc v0.0.0-20230822172742-b8732ec3820d/go.mod h1:+Bk1OCOj40wS2hwAMA+aCW9ypzm63QTBBHp6lQ3p+9M=
google.golang.org/grpc v1.59.0 h1:Z5Iec2pjwb+LEOqzpB2MR12/eKFhDPhuqW91O+4bwUk=
google.golang.org/grpc v1.59.0/go.mod h1:aUPDwccQo6OTjy7Hct4AfBPD1GptF4fyUjIkQ9YtF98=
google.golang.org/protobuf v1.26.0-rc.1/go.mod h1:jlhhOSvTdKEhbULTjvd4ARK9grFBp09yW+WbY/TyQbw=
google.golang.org/protobuf v1.26.0/go.mod h1:9q0QmTI4eRPtz6boOQmLYwt+qCgq0jsYwAQnmE0givc=
google.golang.org/protobuf v1.31.0 h1:g0LDEJHgrBl9N9r17Ru3sqWhkIx2NB67okBHPwC7hs8=
google.golang.org/protobuf v1.31.0/go.mod h1:HV8QOd/L58Z+nl8r43ehVNZIU/HEI6OcFqwMG9pJV4I=
